
Microsoft Visual Studio Solution File, Format Version 12.00
# Visual Studio Version 16
VisualStudioVersion = 16.0.31424.327
MinimumVisualStudioVersion = 10.0.40219.1
Project("{FAE04EC0-301F-11D3-BF4B-00C04F79EFBC}") = "WPF List Intro", "WPF List Intro.csproj", "{94C40210-B8C2-4197-9BB9-F99329587CCD}"
EndProject
Global
	GlobalSection(SolutionConfigurationPlatforms) = preSolution
		Debug|Any CPU = Debug|Any CPU
		Release|Any CPU = Release|Any CPU
	EndGlobalSection
	GlobalSection(ProjectConfigurationPlatforms) = postSolution
		{94C40210-B8C2-4197-9BB9-F99329587CCD}.Debug|Any CPU.ActiveCfg = Debug|Any CPU
		{94C40210-B8C2-4197-9BB9-F99329587CCD}.Debug|Any CPU.Build.0 = Debug|Any CPU
		{94C40210-B8C2-4197-9BB9-F99329587CCD}.Release|Any CPU.ActiveCfg = Release|Any CPU
		{94C40210-B8C2-4197-9BB9-F99329587CCD}.Release|Any CPU.Build.0 = Release|Any CPU
	EndGlobalSection
	GlobalSection(SolutionProperties) = preSolution
		HideSolutionNode = FALSE
	EndGlobalSection
	GlobalSection(ExtensibilityGlobals) = postSolution
		SolutionGuid = {7B6B60AF-E9E9-497E-901E-B0163E378D1E}
	EndGlobalSection
EndGlobal
